# This file was autogenerated by Stack.
# You should not edit this file by hand.
# For more information, please see the documentation at:
#   https://docs.haskellstack.org/en/stable/lock_files

packages:
- completed:
    hackage: binary-strict-0.4.8.6@sha256:456da8c1452a18349fbb02134ba608cf7420014cb93e9c39e7e4b99de1c48a7e,2222
    pantry-tree:
      size: 943
      sha256: a7cc059f5c61f589dfb0a3ce0194f16e3e0483e2786142a0db4af69410c9d670
  original:
    hackage: binary-strict-0.4.8.6@sha256:456da8c1452a18349fbb02134ba608cf7420014cb93e9c39e7e4b99de1c48a7e,2222
snapshots:
- completed:
    size: 565720
    url: https://raw.githubusercontent.com/commercialhaskell/stackage-snapshots/master/lts/17/8.yaml
    sha256: 76bf8992ff8dfe6eda9c02f81866138c2369344d5011ab39ae403457c4448b03
  original:
    url: https://raw.githubusercontent.com/commercialhaskell/stackage-snapshots/master/lts/17/8.yaml
